// !$*UTF8*$!
{
	archiveVersion = 1;
	classes = {
	};
	objectVersion = 50;
	objects = {

/* Begin PBXBuildFile section */
		454CBFB0258C8C8D00D2CD16 /* AppDelegate.swift in Sources */ = {isa = PBXBuildFile; fileRef = 454CBFAF258C8C8D00D2CD16 /* AppDelegate.swift */; };
		454CBFB9258C8C8F00D2CD16 /* Assets.xcassets in Resources */ = {isa = PBXBuildFile; fileRef = 454CBFB8258C8C8F00D2CD16 /* Assets.xcassets */; };
		454CBFBC258C8C8F00D2CD16 /* LaunchScreen.storyboard in Resources */ = {isa = PBXBuildFile; fileRef = 454CBFBA258C8C8F00D2CD16 /* LaunchScreen.storyboard */; };
		454CBFC6258C906400D2CD16 /* HabitsStore.swift in Sources */ = {isa = PBXBuildFile; fileRef = 454CBFC5258C906400D2CD16 /* HabitsStore.swift */; };
		454CBFD0258C989E00D2CD16 /* HabitsDesign.swift in Sources */ = {isa = PBXBuildFile; fileRef = 454CBFCF258C989E00D2CD16 /* HabitsDesign.swift */; };
		4588853225B1BA89004403B8 /* ProgressCollectionViewCell.swift in Sources */ = {isa = PBXBuildFile; fileRef = 4588853125B1BA89004403B8 /* ProgressCollectionViewCell.swift */; };
		4588853525B1BAA2004403B8 /* HabitCollectionViewCell.swift in Sources */ = {isa = PBXBuildFile; fileRef = 4588853425B1BAA2004403B8 /* HabitCollectionViewCell.swift */; };
		4588853825B1BACD004403B8 /* CellProtocol.swift in Sources */ = {isa = PBXBuildFile; fileRef = 4588853725B1BACD004403B8 /* CellProtocol.swift */; };
		45966FEC258CE25A007A3B5A /* HabitsViewController.swift in Sources */ = {isa = PBXBuildFile; fileRef = 45966FEB258CE25A007A3B5A /* HabitsViewController.swift */; };
		45966FEF258CE268007A3B5A /* InfoViewController.swift in Sources */ = {isa = PBXBuildFile; fileRef = 45966FEE258CE268007A3B5A /* InfoViewController.swift */; };
		45966FF6258CEA78007A3B5A /* TabBarViewController.swift in Sources */ = {isa = PBXBuildFile; fileRef = 45966FF5258CEA78007A3B5A /* TabBarViewController.swift */; };
		45966FF9258CEAD0007A3B5A /* NavigationViewController.swift in Sources */ = {isa = PBXBuildFile; fileRef = 45966FF8258CEAD0007A3B5A /* NavigationViewController.swift */; };
		45DC509B25B0358900A6F692 /* HabitsExtension.swift in Sources */ = {isa = PBXBuildFile; fileRef = 45DC509A25B0358900A6F692 /* HabitsExtension.swift */; };
		45DC509E25B03D4600A6F692 /* HabitsConst.swift in Sources */ = {isa = PBXBuildFile; fileRef = 45DC509D25B03D4600A6F692 /* HabitsConst.swift */; };
		45DC50A425B076B200A6F692 /* HabitViewController.swift in Sources */ = {isa = PBXBuildFile; fileRef = 45DC50A325B076B200A6F692 /* HabitViewController.swift */; };
		45DC50A725B0797E00A6F692 /* HabitView.swift in Sources */ = {isa = PBXBuildFile; fileRef = 45DC50A625B0797E00A6F692 /* HabitView.swift */; };
		45DC50AF25B0B1BB00A6F692 /* HabitDelegate.swift in Sources */ = {isa = PBXBuildFile; fileRef = 45DC50AE25B0B1BB00A6F692 /* HabitDelegate.swift */; };
		845D746025CAA2510037B016 /* CellModel.swift in Sources */ = {isa = PBXBuildFile; fileRef = 845D745F25CAA2510037B016 /* CellModel.swift */; };
		849E582625B6D1E30065A998 /* HabitDetailsViewController.swift in Sources */ = {isa = PBXBuildFile; fileRef = 849E582525B6D1E30065A998 /* HabitDetailsViewController.swift */; };
		849E582D25B6ED4E0065A998 /* HabitTableViewCell.swift in Sources */ = {isa = PBXBuildFile; fileRef = 849E582C25B6ED4E0065A998 /* HabitTableViewCell.swift */; };
		849E583625B8073A0065A998 /* HabitModel.swift in Sources */ = {isa = PBXBuildFile; fileRef = 849E583525B8073A0065A998 /* HabitModel.swift */; };
		84C8552825DAC009008DF06C /* InfoView.swift in Sources */ = {isa = PBXBuildFile; fileRef = 84C8552725DAC009008DF06C /* InfoView.swift */; };
		84C8552B25DAC097008DF06C /* InfoModel.swift in Sources */ = {isa = PBXBuildFile; fileRef = 84C8552A25DAC097008DF06C /* InfoModel.swift */; };
/* End PBXBuildFile section */

/* Begin PBXFileReference section */
		454CBFAC258C8C8D00D2CD16 /* MyHabits.app */ = {isa = PBXFileReference; explicitFileType = wrapper.application; includeInIndex = 0; path = MyHabits.app; sourceTree = BUILT_PRODUCTS_DIR; };
		454CBFAF258C8C8D00D2CD16 /* AppDelegate.swift */ = {isa = PBXFileReference; lastKnownFileType = sourcecode.swift; path = AppDelegate.swift; sourceTree = "<group>"; };
		454CBFB8258C8C8F00D2CD16 /* Assets.xcassets */ = {isa = PBXFileReference; lastKnownFileType = folder.assetcatalog; path = Assets.xcassets; sourceTree = "<group>"; };
		454CBFBB258C8C8F00D2CD16 /* Base */ = {isa = PBXFileReference; lastKnownFileType = file.storyboard; name = Base; path = Base.lproj/LaunchScreen.storyboard; sourceTree = "<group>"; };
		454CBFBD258C8C8F00D2CD16 /* Info.plist */ = {isa = PBXFileReference; lastKnownFileType = text.plist.xml; path = Info.plist; sourceTree = "<group>"; };
		454CBFC5258C906400D2CD16 /* HabitsStore.swift */ = {isa = PBXFileReference; fileEncoding = 4; lastKnownFileType = sourcecode.swift; path = HabitsStore.swift; sourceTree = "<group>"; };
		454CBFCF258C989E00D2CD16 /* HabitsDesign.swift */ = {isa = PBXFileReference; lastKnownFileType = sourcecode.swift; path = HabitsDesign.swift; sourceTree = "<group>"; };
		4588853125B1BA89004403B8 /* ProgressCollectionViewCell.swift */ = {isa = PBXFileReference; lastKnownFileType = sourcecode.swift; path = ProgressCollectionViewCell.swift; sourceTree = "<group>"; };
		4588853425B1BAA2004403B8 /* HabitCollectionViewCell.swift */ = {isa = PBXFileReference; lastKnownFileType = sourcecode.swift; path = HabitCollectionViewCell.swift; sourceTree = "<group>"; };
		4588853725B1BACD004403B8 /* CellProtocol.swift */ = {isa = PBXFileReference; lastKnownFileType = sourcecode.swift; path = CellProtocol.swift; sourceTree = "<group>"; };
		45966FEB258CE25A007A3B5A /* HabitsViewController.swift */ = {isa = PBXFileReference; lastKnownFileType = sourcecode.swift; path = HabitsViewController.swift; sourceTree = "<group>"; };
		45966FEE258CE268007A3B5A /* InfoViewController.swift */ = {isa = PBXFileReference; lastKnownFileType = sourcecode.swift; path = InfoViewController.swift; sourceTree = "<group>"; };
		45966FF5258CEA78007A3B5A /* TabBarViewController.swift */ = {isa = PBXFileReference; lastKnownFileType = sourcecode.swift; path = TabBarViewController.swift; sourceTree = "<group>"; };
		45966FF8258CEAD0007A3B5A /* NavigationViewController.swift */ = {isa = PBXFileReference; lastKnownFileType = sourcecode.swift; path = NavigationViewController.swift; sourceTree = "<group>"; };
		45DC509A25B0358900A6F692 /* HabitsExtension.swift */ = {isa = PBXFileReference; lastKnownFileType = sourcecode.swift; path = HabitsExtension.swift; sourceTree = "<group>"; };
		45DC509D25B03D4600A6F692 /* HabitsConst.swift */ = {isa = PBXFileReference; lastKnownFileType = sourcecode.swift; path = HabitsConst.swift; sourceTree = "<group>"; };
		45DC50A325B076B200A6F692 /* HabitViewController.swift */ = {isa = PBXFileReference; lastKnownFileType = sourcecode.swift; path = HabitViewController.swift; sourceTree = "<group>"; };
		45DC50A625B0797E00A6F692 /* HabitView.swift */ = {isa = PBXFileReference; lastKnownFileType = sourcecode.swift; path = HabitView.swift; sourceTree = "<group>"; };
		45DC50AE25B0B1BB00A6F692 /* HabitDelegate.swift */ = {isa = PBXFileReference; lastKnownFileType = sourcecode.swift; path = HabitDelegate.swift; sourceTree = "<group>"; };
		845D745F25CAA2510037B016 /* CellModel.swift */ = {isa = PBXFileReference; fileEncoding = 4; lastKnownFileType = sourcecode.swift; path = CellModel.swift; sourceTree = "<group>"; };
		849E582525B6D1E30065A998 /* HabitDetailsViewController.swift */ = {isa = PBXFileReference; lastKnownFileType = sourcecode.swift; path = HabitDetailsViewController.swift; sourceTree = "<group>"; };
		849E582C25B6ED4E0065A998 /* HabitTableViewCell.swift */ = {isa = PBXFileReference; lastKnownFileType = sourcecode.swift; path = HabitTableViewCell.swift; sourceTree = "<group>"; };
		849E583525B8073A0065A998 /* HabitModel.swift */ = {isa = PBXFileReference; lastKnownFileType = sourcecode.swift; path = HabitModel.swift; sourceTree = "<group>"; };
		84C8552725DAC009008DF06C /* InfoView.swift */ = {isa = PBXFileReference; fileEncoding = 4; lastKnownFileType = sourcecode.swift; path = InfoView.swift; sourceTree = "<group>"; };
		84C8552A25DAC097008DF06C /* InfoModel.swift */ = {isa = PBXFileReference; fileEncoding = 4; lastKnownFileType = sourcecode.swift; path = InfoModel.swift; sourceTree = "<group>"; };
/* End PBXFileReference section */

/* Begin PBXFrameworksBuildPhase section */
		454CBFA9258C8C8D00D2CD16 /* Frameworks */ = {
			isa = PBXFrameworksBuildPhase;
			buildActionMask = 2147483647;
			files = (
			);
			runOnlyForDeploymentPostprocessing = 0;
		};
/* End PBXFrameworksBuildPhase section */

/* Begin PBXGroup section */
		454CBFA3258C8C8D00D2CD16 = {
			isa = PBXGroup;
			children = (
				454CBFAE258C8C8D00D2CD16 /* MyHabits */,
				454CBFAD258C8C8D00D2CD16 /* Products */,
			);
			sourceTree = "<group>";
		};
		454CBFAD258C8C8D00D2CD16 /* Products */ = {
			isa = PBXGroup;
			children = (
				454CBFAC258C8C8D00D2CD16 /* MyHabits.app */,
			);
			name = Products;
			sourceTree = "<group>";
		};
		454CBFAE258C8C8D00D2CD16 /* MyHabits */ = {
			isa = PBXGroup;
			children = (
				84C8551A25DABD8F008DF06C /* Detail screen scene */,
				84C8551925DABC96008DF06C /* Home screen scene */,
				45DC50AD25B0B1A900A6F692 /* Protocols */,
				454CBFCC258C986D00D2CD16 /* Models */,
				454CBFCA258C985E00D2CD16 /* Helpers */,
				454CBFAF258C8C8D00D2CD16 /* AppDelegate.swift */,
				45966FF5258CEA78007A3B5A /* TabBarViewController.swift */,
				45966FF8258CEAD0007A3B5A /* NavigationViewController.swift */,
				454CBFB8258C8C8F00D2CD16 /* Assets.xcassets */,
				454CBFBA258C8C8F00D2CD16 /* LaunchScreen.storyboard */,
				454CBFBD258C8C8F00D2CD16 /* Info.plist */,
			);
			path = MyHabits;
			sourceTree = "<group>";
		};
		454CBFCA258C985E00D2CD16 /* Helpers */ = {
			isa = PBXGroup;
			children = (
				454CBFC5258C906400D2CD16 /* HabitsStore.swift */,
				454CBFCF258C989E00D2CD16 /* HabitsDesign.swift */,
				45DC509A25B0358900A6F692 /* HabitsExtension.swift */,
				45DC509D25B03D4600A6F692 /* HabitsConst.swift */,
			);
			path = Helpers;
			sourceTree = "<group>";
		};
		454CBFCC258C986D00D2CD16 /* Models */ = {
			isa = PBXGroup;
			children = (
				84C8552A25DAC097008DF06C /* InfoModel.swift */,
				845D745F25CAA2510037B016 /* CellModel.swift */,
				849E583525B8073A0065A998 /* HabitModel.swift */,
			);
			path = Models;
			sourceTree = "<group>";
		};
		45DC50AD25B0B1A900A6F692 /* Protocols */ = {
			isa = PBXGroup;
			children = (
				45DC50AE25B0B1BB00A6F692 /* HabitDelegate.swift */,
				4588853725B1BACD004403B8 /* CellProtocol.swift */,
			);
			path = Protocols;
			sourceTree = "<group>";
		};
		84C8551925DABC96008DF06C /* Home screen scene */ = {
			isa = PBXGroup;
			children = (
				84C8551C25DABE9E008DF06C /* Views */,
				84C8551B25DABE8B008DF06C /* Controllers */,
			);
			path = "Home screen scene";
			sourceTree = "<group>";
		};
		84C8551A25DABD8F008DF06C /* Detail screen scene */ = {
			isa = PBXGroup;
			children = (
				84C8551E25DABED2008DF06C /* Views */,
				84C8551D25DABEC7008DF06C /* Controllers */,
			);
			path = "Detail screen scene";
			sourceTree = "<group>";
		};
		84C8551B25DABE8B008DF06C /* Controllers */ = {
			isa = PBXGroup;
			children = (
				45966FEB258CE25A007A3B5A /* HabitsViewController.swift */,
				45966FEE258CE268007A3B5A /* InfoViewController.swift */,
			);
			path = Controllers;
			sourceTree = "<group>";
		};
		84C8551C25DABE9E008DF06C /* Views */ = {
			isa = PBXGroup;
			children = (
				84C8552725DAC009008DF06C /* InfoView.swift */,
				4588853125B1BA89004403B8 /* ProgressCollectionViewCell.swift */,
				4588853425B1BAA2004403B8 /* HabitCollectionViewCell.swift */,
			);
			path = Views;
			sourceTree = "<group>";
		};
		84C8551D25DABEC7008DF06C /* Controllers */ = {
			isa = PBXGroup;
			children = (
				45DC50A325B076B200A6F692 /* HabitViewController.swift */,
				849E582525B6D1E30065A998 /* HabitDetailsViewController.swift */,
			);
			path = Controllers;
			sourceTree = "<group>";
		};
		84C8551E25DABED2008DF06C /* Views */ = {
			isa = PBXGroup;
			children = (
				45DC50A625B0797E00A6F692 /* HabitView.swift */,
				849E582C25B6ED4E0065A998 /* HabitTableViewCell.swift */,
			);
			path = Views;
			sourceTree = "<group>";
		};
/* End PBXGroup section */

/* Begin PBXNativeTarget section */
		454CBFAB258C8C8D00D2CD16 /* MyHabits */ = {
			isa = PBXNativeTarget;
			buildConfigurationList = 454CBFC0258C8C8F00D2CD16 /* Build configuration list for PBXNativeTarget "MyHabits" */;
			buildPhases = (
				454CBFA8258C8C8D00D2CD16 /* Sources */,
				454CBFA9258C8C8D00D2CD16 /* Frameworks */,
				454CBFAA258C8C8D00D2CD16 /* Resources */,
			);
			buildRules = (
			);
			dependencies = (
			);
			name = MyHabits;
			productName = MyHabits;
			productReference = 454CBFAC258C8C8D00D2CD16 /* MyHabits.app */;
			productType = "com.apple.product-type.application";
		};
/* End PBXNativeTarget section */

/* Begin PBXProject section */
		454CBFA4258C8C8D00D2CD16 /* Project object */ = {
			isa = PBXProject;
			attributes = {
				LastSwiftUpdateCheck = 1220;
				LastUpgradeCheck = 1220;
				TargetAttributes = {
					454CBFAB258C8C8D00D2CD16 = {
						CreatedOnToolsVersion = 12.2;
					};
				};
			};
			buildConfigurationList = 454CBFA7258C8C8D00D2CD16 /* Build configuration list for PBXProject "MyHabits" */;
			compatibilityVersion = "Xcode 9.3";
			developmentRegion = en;
			hasScannedForEncodings = 0;
			knownRegions = (
				en,
				Base,
			);
			mainGroup = 454CBFA3258C8C8D00D2CD16;
			productRefGroup = 454CBFAD258C8C8D00D2CD16 /* Products */;
			projectDirPath = "";
			projectRoot = "";
			targets = (
				454CBFAB258C8C8D00D2CD16 /* MyHabits */,
			);
		};
/* End PBXProject section */

/* Begin PBXResourcesBuildPhase section */
		454CBFAA258C8C8D00D2CD16 /* Resources */ = {
			isa = PBXResourcesBuildPhase;
			buildActionMask = 2147483647;
			files = (
				454CBFBC258C8C8F00D2CD16 /* LaunchScreen.storyboard in Resources */,
				454CBFB9258C8C8F00D2CD16 /* Assets.xcassets in Resources */,
			);
			runOnlyForDeploymentPostprocessing = 0;
		};
/* End PBXResourcesBuildPhase section */

/* Begin PBXSourcesBuildPhase section */
		454CBFA8258C8C8D00D2CD16 /* Sources */ = {
			isa = PBXSourcesBuildPhase;
			buildActionMask = 2147483647;
			files = (
				45DC509E25B03D4600A6F692 /* HabitsConst.swift in Sources */,
				45DC50A725B0797E00A6F692 /* HabitView.swift in Sources */,
				45966FF9258CEAD0007A3B5A /* NavigationViewController.swift in Sources */,
				454CBFC6258C906400D2CD16 /* HabitsStore.swift in Sources */,
				849E583625B8073A0065A998 /* HabitModel.swift in Sources */,
				45966FEC258CE25A007A3B5A /* HabitsViewController.swift in Sources */,
				849E582625B6D1E30065A998 /* HabitDetailsViewController.swift in Sources */,
				454CBFB0258C8C8D00D2CD16 /* AppDelegate.swift in Sources */,
				84C8552825DAC009008DF06C /* InfoView.swift in Sources */,
				45DC50AF25B0B1BB00A6F692 /* HabitDelegate.swift in Sources */,
				845D746025CAA2510037B016 /* CellModel.swift in Sources */,
				84C8552B25DAC097008DF06C /* InfoModel.swift in Sources */,
				45DC50A425B076B200A6F692 /* HabitViewController.swift in Sources */,
				45966FF6258CEA78007A3B5A /* TabBarViewController.swift in Sources */,
				4588853825B1BACD004403B8 /* CellProtocol.swift in Sources */,
				45DC509B25B0358900A6F692 /* HabitsExtension.swift in Sources */,
				45966FEF258CE268007A3B5A /* InfoViewController.swift in Sources */,
				4588853225B1BA89004403B8 /* ProgressCollectionViewCell.swift in Sources */,
				454CBFD0258C989E00D2CD16 /* HabitsDesign.swift in Sources */,
				849E582D25B6ED4E0065A998 /* HabitTableViewCell.swift in Sources */,
				4588853525B1BAA2004403B8 /* HabitCollectionViewCell.swift in Sources */,
			);
			runOnlyForDeploymentPostprocessing = 0;
		};
/* End PBXSourcesBuildPhase section */

/* Begin PBXVariantGroup section */
		454CBFBA258C8C8F00D2CD16 /* LaunchScreen.storyboard */ = {
			isa = PBXVariantGroup;
			children = (
				454CBFBB258C8C8F00D2CD16 /* Base */,
			);
			name = LaunchScreen.storyboard;
			sourceTree = "<group>";
		};
/* End PBXVariantGroup section */

/* Begin XCBuildConfiguration section */
		454CBFBE258C8C8F00D2CD16 /* Debug */ = {
			isa = XCBuildConfiguration;
			buildSettings = {
				ALWAYS_SEARCH_USER_PATHS = NO;
				CLANG_ANALYZER_NONNULL = YES;
				CLANG_ANALYZER_NUMBER_OBJECT_CONVERSION = YES_AGGRESSIVE;
				CLANG_CXX_LANGUAGE_STANDARD = "gnu++14";
				CLANG_CXX_LIBRARY = "libc++";
				CLANG_ENABLE_MODULES = YES;
				CLANG_ENABLE_OBJC_ARC = YES;
				CLANG_ENABLE_OBJC_WEAK = YES;
				CLANG_WARN_BLOCK_CAPTURE_AUTORELEASING = YES;
				CLANG_WARN_BOOL_CONVERSION = YES;
				CLANG_WARN_COMMA = YES;
				CLANG_WARN_CONSTANT_CONVERSION = YES;
				CLANG_WARN_DEPRECATED_OBJC_IMPLEMENTATIONS = YES;
				CLANG_WARN_DIRECT_OBJC_ISA_USAGE = YES_ERROR;
				CLANG_WARN_DOCUMENTATION_COMMENTS = YES;
				CLANG_WARN_EMPTY_BODY = YES;
				CLANG_WARN_ENUM_CONVERSION = YES;
				CLANG_WARN_INFINITE_RECURSION = YES;
				CLANG_WARN_INT_CONVERSION = YES;
				CLANG_WARN_NON_LITERAL_NULL_CONVERSION = YES;
				CLANG_WARN_OBJC_IMPLICIT_RETAIN_SELF = YES;
				CLANG_WARN_OBJC_LITERAL_CONVERSION = YES;
				CLANG_WARN_OBJC_ROOT_CLASS = YES_ERROR;
				CLANG_WARN_QUOTED_INCLUDE_IN_FRAMEWORK_HEADER = YES;
				CLANG_WARN_RANGE_LOOP_ANALYSIS = YES;
				CLANG_WARN_STRICT_PROTOTYPES = YES;
				CLANG_WARN_SUSPICIOUS_MOVE = YES;
				CLANG_WARN_UNGUARDED_AVAILABILITY = YES_AGGRESSIVE;
				CLANG_WARN_UNREACHABLE_CODE = YES;
				CLANG_WARN__DUPLICATE_METHOD_MATCH = YES;
				COPY_PHASE_STRIP = NO;
				DEBUG_INFORMATION_FORMAT = dwarf;
				ENABLE_STRICT_OBJC_MSGSEND = YES;
				ENABLE_TESTABILITY = YES;
				GCC_C_LANGUAGE_STANDARD = gnu11;
				GCC_DYNAMIC_NO_PIC = NO;
				GCC_NO_COMMON_BLOCKS = YES;
				GCC_OPTIMIZATION_LEVEL = 0;
				GCC_PREPROCESSOR_DEFINITIONS = (
					"DEBUG=1",
					"$(inherited)",
				);
				GCC_WARN_64_TO_32_BIT_CONVERSION = YES;
				GCC_WARN_ABOUT_RETURN_TYPE = YES_ERROR;
				GCC_WARN_UNDECLARED_SELECTOR = YES;
				GCC_WARN_UNINITIALIZED_AUTOS = YES_AGGRESSIVE;
				GCC_WARN_UNUSED_FUNCTION = YES;
				GCC_WARN_UNUSED_VARIABLE = YES;
				IPHONEOS_DEPLOYMENT_TARGET = 14.2;
				MTL_ENABLE_DEBUG_INFO = INCLUDE_SOURCE;
				MTL_FAST_MATH = YES;
				ONLY_ACTIVE_ARCH = YES;
				SDKROOT = iphoneos;
				SWIFT_ACTIVE_COMPILATION_CONDITIONS = DEBUG;
				SWIFT_OPTIMIZATION_LEVEL = "-Onone";
			};
			name = Debug;
		};
		454CBFBF258C8C8F00D2CD16 /* Release */ = {
			isa = XCBuildConfiguration;
			buildSettings = {
				ALWAYS_SEARCH_USER_PATHS = NO;
				CLANG_ANALYZER_NONNULL = YES;
				CLANG_ANALYZER_NUMBER_OBJECT_CONVERSION = YES_AGGRESSIVE;
				CLANG_CXX_LANGUAGE_STANDARD = "gnu++14";
				CLANG_CXX_LIBRARY = "libc++";
				CLANG_ENABLE_MODULES = YES;
				CLANG_ENABLE_OBJC_ARC = YES;
				CLANG_ENABLE_OBJC_WEAK = YES;
				CLANG_WARN_BLOCK_CAPTURE_AUTORELEASING = YES;
				CLANG_WARN_BOOL_CONVERSION = YES;
				CLANG_WARN_COMMA = YES;
				CLANG_WARN_CONSTANT_CONVERSION = YES;
				CLANG_WARN_DEPRECATED_OBJC_IMPLEMENTATIONS = YES;
				CLANG_WARN_DIRECT_OBJC_ISA_USAGE = YES_ERROR;
				CLANG_WARN_DOCUMENTATION_COMMENTS = YES;
				CLANG_WARN_EMPTY_BODY = YES;
				CLANG_WARN_ENUM_CONVERSION = YES;
				CLANG_WARN_INFINITE_RECURSION = YES;
				CLANG_WARN_INT_CONVERSION = YES;
				CLANG_WARN_NON_LITERAL_NULL_CONVERSION = YES;
				CLANG_WARN_OBJC_IMPLICIT_RETAIN_SELF = YES;
				CLANG_WARN_OBJC_LITERAL_CONVERSION = YES;
				CLANG_WARN_OBJC_ROOT_CLASS = YES_ERROR;
				CLANG_WARN_QUOTED_INCLUDE_IN_FRAMEWORK_HEADER = YES;
				CLANG_WARN_RANGE_LOOP_ANALYSIS = YES;
				CLANG_WARN_STRICT_PROTOTYPES = YES;
				CLANG_WARN_SUSPICIOUS_MOVE = YES;
				CLANG_WARN_UNGUARDED_AVAILABILITY = YES_AGGRESSIVE;
				CLANG_WARN_UNREACHABLE_CODE = YES;
				CLANG_WARN__DUPLICATE_METHOD_MATCH = YES;
				COPY_PHASE_STRIP = NO;
				DEBUG_INFORMATION_FORMAT = "dwarf-with-dsym";
				ENABLE_NS_ASSERTIONS = NO;
				ENABLE_STRICT_OBJC_MSGSEND = YES;
				GCC_C_LANGUAGE_STANDARD = gnu11;
				GCC_NO_COMMON_BLOCKS = YES;
				GCC_WARN_64_TO_32_BIT_CONVERSION = YES;
				GCC_WARN_ABOUT_RETURN_TYPE = YES_ERROR;
				GCC_WARN_UNDECLARED_SELECTOR = YES;
				GCC_WARN_UNINITIALIZED_AUTOS = YES_AGGRESSIVE;
				GCC_WARN_UNUSED_FUNCTION = YES;
				GCC_WARN_UNUSED_VARIABLE = YES;
				IPHONEOS_DEPLOYMENT_TARGET = 14.2;
				MTL_ENABLE_DEBUG_INFO = NO;
				MTL_FAST_MATH = YES;
				SDKROOT = iphoneos;
				SWIFT_COMPILATION_MODE = wholemodule;
				SWIFT_OPTIMIZATION_LEVEL = "-O";
				VALIDATE_PRODUCT = YES;
			};
			name = Release;
		};
		454CBFC1258C8C8F00D2CD16 /* Debug */ = {
			isa = XCBuildConfiguration;
			buildSettings = {
				ASSETCATALOG_COMPILER_APPICON_NAME = AppIcon;
				ASSETCATALOG_COMPILER_GLOBAL_ACCENT_COLOR_NAME = AccentColor;
				CODE_SIGN_STYLE = Automatic;
				DEVELOPMENT_TEAM = "";
				INFOPLIST_FILE = MyHabits/Info.plist;
				IPHONEOS_DEPLOYMENT_TARGET = 14.0;
				LD_RUNPATH_SEARCH_PATHS = (
					"$(inherited)",
					"@executable_path/Frameworks",
				);
				PRODUCT_BUNDLE_IDENTIFIER = name.firetrace.MyHabits;
				PRODUCT_NAME = "$(TARGET_NAME)";
				SWIFT_VERSION = 5.0;
				TARGETED_DEVICE_FAMILY = "1,2";
			};
			name = Debug;
		};
		454CBFC2258C8C8F00D2CD16 /* Release */ = {
			isa = XCBuildConfiguration;
			buildSettings = {
				ASSETCATALOG_COMPILER_APPICON_NAME = AppIcon;
				ASSETCATALOG_COMPILER_GLOBAL_ACCENT_COLOR_NAME = AccentColor;
				CODE_SIGN_STYLE = Automatic;
				DEVELOPMENT_TEAM = "";
				INFOPLIST_FILE = MyHabits/Info.plist;
				IPHONEOS_DEPLOYMENT_TARGET = 14.0;
				LD_RUNPATH_SEARCH_PATHS = (
					"$(inherited)",
					"@executable_path/Frameworks",
				);
				PRODUCT_BUNDLE_IDENTIFIER = name.firetrace.MyHabits;
				PRODUCT_NAME = "$(TARGET_NAME)";
				SWIFT_VERSION = 5.0;
				TARGETED_DEVICE_FAMILY = "1,2";
			};
			name = Release;
		};
/* End XCBuildConfiguration section */

/* Begin XCConfigurationList section */
		454CBFA7258C8C8D00D2CD16 /* Build configuration list for PBXProject "MyHabits" */ = {
			isa = XCConfigurationList;
			buildConfigurations = (
				454CBFBE258C8C8F00D2CD16 /* Debug */,
				454CBFBF258C8C8F00D2CD16 /* Release */,
			);
			defaultConfigurationIsVisible = 0;
			defaultConfigurationName = Release;
		};
		454CBFC0258C8C8F00D2CD16 /* Build configuration list for PBXNativeTarget "MyHabits" */ = {
			isa = XCConfigurationList;
			buildConfigurations = (
				454CBFC1258C8C8F00D2CD16 /* Debug */,
				454CBFC2258C8C8F00D2CD16 /* Release */,
			);
			defaultConfigurationIsVisible = 0;
			defaultConfigurationName = Release;
		};
/* End XCConfigurationList section */
	};
	rootObject = 454CBFA4258C8C8D00D2CD16 /* Project object */;
}
